// !$*UTF8*$!
{
	archiveVersion = 1;
	classes = {
	};
	objectVersion = 50;
	objects = {

/* Begin PBXBuildFile section */
		6949489C25C9AD780049C0B1 /* ItemRowView.swift in Sources */ = {isa = PBXBuildFile; fileRef = 6949489B25C9AD780049C0B1 /* ItemRowView.swift */; };
		6949489F25C9B5E50049C0B1 /* Binding-OnChange.swift in Sources */ = {isa = PBXBuildFile; fileRef = 6949489E25C9B5E50049C0B1 /* Binding-OnChange.swift */; };
		694948A225C9C1E30049C0B1 /* ProjectHeaderView.swift in Sources */ = {isa = PBXBuildFile; fileRef = 694948A125C9C1E30049C0B1 /* ProjectHeaderView.swift */; };
		694948A525C9C6BA0049C0B1 /* Colors.xcassets in Resources */ = {isa = PBXBuildFile; fileRef = 694948A425C9C6BA0049C0B1 /* Colors.xcassets */; };
		694B844B25CA00A8009BE75F /* ProjectEditView.swift in Sources */ = {isa = PBXBuildFile; fileRef = 694B844A25CA00A8009BE75F /* ProjectEditView.swift */; };
		694B844E25CAEA98009BE75F /* ClosedProjectsView.swift in Sources */ = {isa = PBXBuildFile; fileRef = 694B844D25CAEA98009BE75F /* ClosedProjectsView.swift */; };
		694B845125CB206E009BE75F /* NewProjectView.swift in Sources */ = {isa = PBXBuildFile; fileRef = 694B845025CB206E009BE75F /* NewProjectView.swift */; };
		694B845425CDAC14009BE75F /* Sequence-Sorting.swift in Sources */ = {isa = PBXBuildFile; fileRef = 694B845325CDAC14009BE75F /* Sequence-Sorting.swift */; };
		694B845725D0681C009BE75F /* ProjectsEmptyView.swift in Sources */ = {isa = PBXBuildFile; fileRef = 694B845625D0681C009BE75F /* ProjectsEmptyView.swift */; };
		694DE98A25DADF950041547B /* Localizable.stringsdict in Resources */ = {isa = PBXBuildFile; fileRef = 694DE98825DADF950041547B /* Localizable.stringsdict */; };
		694DE98F25DAE0F50041547B /* Localizable.strings in Resources */ = {isa = PBXBuildFile; fileRef = 694DE98D25DAE0F50041547B /* Localizable.strings */; };
		694DE99F25DB2E2D0041547B /* HomeEmptyView.swift in Sources */ = {isa = PBXBuildFile; fileRef = 694DE99E25DB2E2C0041547B /* HomeEmptyView.swift */; };
		694DE9A125DB30AE0041547B /* Awards.json in Resources */ = {isa = PBXBuildFile; fileRef = 694DE9A325DB30AE0041547B /* Awards.json */; };
		695D32E825C85F530099C1D3 /* TaskableApp.swift in Sources */ = {isa = PBXBuildFile; fileRef = 695D32E725C85F530099C1D3 /* TaskableApp.swift */; };
		695D32EA25C85F530099C1D3 /* ContentView.swift in Sources */ = {isa = PBXBuildFile; fileRef = 695D32E925C85F530099C1D3 /* ContentView.swift */; };
		695D32EF25C85F560099C1D3 /* Preview Assets.xcassets in Resources */ = {isa = PBXBuildFile; fileRef = 695D32EE25C85F560099C1D3 /* Preview Assets.xcassets */; };
		695D32F925C85F820099C1D3 /* Main.xcdatamodeld in Sources */ = {isa = PBXBuildFile; fileRef = 695D32F725C85F820099C1D3 /* Main.xcdatamodeld */; };
		695D32FC25C862CF0099C1D3 /* DataController.swift in Sources */ = {isa = PBXBuildFile; fileRef = 695D32FB25C862CF0099C1D3 /* DataController.swift */; };
		695D330325C872780099C1D3 /* CloudKit.framework in Frameworks */ = {isa = PBXBuildFile; fileRef = 695D330225C872780099C1D3 /* CloudKit.framework */; };
		695D330B25C8800B0099C1D3 /* HomeView.swift in Sources */ = {isa = PBXBuildFile; fileRef = 695D330A25C8800B0099C1D3 /* HomeView.swift */; };
		695D331225C8812B0099C1D3 /* Assets.xcassets in Resources */ = {isa = PBXBuildFile; fileRef = 695D331125C8812B0099C1D3 /* Assets.xcassets */; };
		695D331C25C881E60099C1D3 /* ProjectsView.swift in Sources */ = {isa = PBXBuildFile; fileRef = 695D331B25C881E60099C1D3 /* ProjectsView.swift */; };
		695D331F25C8ACB60099C1D3 /* Item-CoreDataHelpers.swift in Sources */ = {isa = PBXBuildFile; fileRef = 695D331E25C8ACB60099C1D3 /* Item-CoreDataHelpers.swift */; };
		695D332225C8AEAF0099C1D3 /* Project-CoredDataHelpers.swift in Sources */ = {isa = PBXBuildFile; fileRef = 695D332125C8AEAF0099C1D3 /* Project-CoredDataHelpers.swift */; };
		695D332525C9A40E0099C1D3 /* ItemEditView.swift in Sources */ = {isa = PBXBuildFile; fileRef = 695D332425C9A40E0099C1D3 /* ItemEditView.swift */; };
		69CE063525D1AEBB00799D32 /* Bundle-Decodable.swift in Sources */ = {isa = PBXBuildFile; fileRef = 69CE063425D1AEBB00799D32 /* Bundle-Decodable.swift */; };
		69CE063B25D4393100799D32 /* Awards.swift in Sources */ = {isa = PBXBuildFile; fileRef = 69CE063A25D4393100799D32 /* Awards.swift */; };
		69CE063E25D43A7600799D32 /* AwardsView.swift in Sources */ = {isa = PBXBuildFile; fileRef = 69CE063D25D43A7600799D32 /* AwardsView.swift */; };
		69CE064125D5817E00799D32 /* Color-Addition.swift in Sources */ = {isa = PBXBuildFile; fileRef = 69CE064025D5817E00799D32 /* Color-Addition.swift */; };
/* End PBXBuildFile section */

/* Begin PBXFileReference section */
		6949489B25C9AD780049C0B1 /* ItemRowView.swift */ = {isa = PBXFileReference; lastKnownFileType = sourcecode.swift; path = ItemRowView.swift; sourceTree = "<group>"; };
		6949489E25C9B5E50049C0B1 /* Binding-OnChange.swift */ = {isa = PBXFileReference; lastKnownFileType = sourcecode.swift; path = "Binding-OnChange.swift"; sourceTree = "<group>"; };
		694948A125C9C1E30049C0B1 /* ProjectHeaderView.swift */ = {isa = PBXFileReference; lastKnownFileType = sourcecode.swift; path = ProjectHeaderView.swift; sourceTree = "<group>"; };
		694948A425C9C6BA0049C0B1 /* Colors.xcassets */ = {isa = PBXFileReference; lastKnownFileType = folder.assetcatalog; path = Colors.xcassets; sourceTree = "<group>"; };
		694B844A25CA00A8009BE75F /* ProjectEditView.swift */ = {isa = PBXFileReference; lastKnownFileType = sourcecode.swift; path = ProjectEditView.swift; sourceTree = "<group>"; };
		694B844D25CAEA98009BE75F /* ClosedProjectsView.swift */ = {isa = PBXFileReference; lastKnownFileType = sourcecode.swift; path = ClosedProjectsView.swift; sourceTree = "<group>"; };
		694B845025CB206E009BE75F /* NewProjectView.swift */ = {isa = PBXFileReference; lastKnownFileType = sourcecode.swift; path = NewProjectView.swift; sourceTree = "<group>"; };
		694B845325CDAC14009BE75F /* Sequence-Sorting.swift */ = {isa = PBXFileReference; lastKnownFileType = sourcecode.swift; path = "Sequence-Sorting.swift"; sourceTree = "<group>"; };
		694B845625D0681C009BE75F /* ProjectsEmptyView.swift */ = {isa = PBXFileReference; lastKnownFileType = sourcecode.swift; path = ProjectsEmptyView.swift; sourceTree = "<group>"; };
		694DE98925DADF950041547B /* en */ = {isa = PBXFileReference; lastKnownFileType = text.plist.stringsdict; name = en; path = "portfolio-i18n/en.lproj/Localizable.stringsdict"; sourceTree = SOURCE_ROOT; };
		694DE98E25DAE0F50041547B /* en */ = {isa = PBXFileReference; lastKnownFileType = text.plist.strings; name = en; path = "portfolio-i18n/en.lproj/Localizable.strings"; sourceTree = SOURCE_ROOT; };
		694DE99125DB251C0041547B /* hu */ = {isa = PBXFileReference; lastKnownFileType = text.plist.strings; name = hu; path = "portfolio-i18n/hu.lproj/Localizable.strings"; sourceTree = SOURCE_ROOT; };
		694DE99225DB251C0041547B /* hu */ = {isa = PBXFileReference; lastKnownFileType = text.plist.stringsdict; name = hu; path = "portfolio-i18n/hu.lproj/Localizable.stringsdict"; sourceTree = SOURCE_ROOT; };
		694DE99825DB28FC0041547B /* pt-PT */ = {isa = PBXFileReference; lastKnownFileType = text.plist.strings; name = "pt-PT"; path = "../portfolio-i18n/pt-PT.lproj/Localizable.strings"; sourceTree = "<group>"; };
		694DE99925DB28FC0041547B /* pt-PT */ = {isa = PBXFileReference; lastKnownFileType = text.plist.stringsdict; name = "pt-PT"; path = "../portfolio-i18n/pt-PT.lproj/Localizable.stringsdict"; sourceTree = "<group>"; };
		694DE99E25DB2E2C0041547B /* HomeEmptyView.swift */ = {isa = PBXFileReference; lastKnownFileType = sourcecode.swift; path = HomeEmptyView.swift; sourceTree = "<group>"; };
		694DE9A225DB30AE0041547B /* en */ = {isa = PBXFileReference; lastKnownFileType = text.json; name = en; path = en.lproj/Awards.json; sourceTree = "<group>"; };
		694DE9A525DB30BC0041547B /* hu */ = {isa = PBXFileReference; lastKnownFileType = text.json; name = hu; path = hu.lproj/Awards.json; sourceTree = "<group>"; };
		694DE9A725DC0EB40041547B /* pt-PT */ = {isa = PBXFileReference; lastKnownFileType = text.json; name = "pt-PT"; path = "pt-PT.lproj/Awards.json"; sourceTree = "<group>"; };
		695D32E425C85F530099C1D3 /* Taskable.app */ = {isa = PBXFileReference; explicitFileType = wrapper.application; includeInIndex = 0; path = Taskable.app; sourceTree = BUILT_PRODUCTS_DIR; };
		695D32E725C85F530099C1D3 /* TaskableApp.swift */ = {isa = PBXFileReference; lastKnownFileType = sourcecode.swift; path = TaskableApp.swift; sourceTree = "<group>"; };
		695D32E925C85F530099C1D3 /* ContentView.swift */ = {isa = PBXFileReference; lastKnownFileType = sourcecode.swift; path = ContentView.swift; sourceTree = "<group>"; };
		695D32EE25C85F560099C1D3 /* Preview Assets.xcassets */ = {isa = PBXFileReference; lastKnownFileType = folder.assetcatalog; path = "Preview Assets.xcassets"; sourceTree = "<group>"; };
		695D32F025C85F560099C1D3 /* Info.plist */ = {isa = PBXFileReference; lastKnownFileType = text.plist.xml; path = Info.plist; sourceTree = "<group>"; };
		695D32F825C85F820099C1D3 /* Main.xcdatamodel */ = {isa = PBXFileReference; lastKnownFileType = wrapper.xcdatamodel; path = Main.xcdatamodel; sourceTree = "<group>"; };
		695D32FB25C862CF0099C1D3 /* DataController.swift */ = {isa = PBXFileReference; lastKnownFileType = sourcecode.swift; path = DataController.swift; sourceTree = "<group>"; };
		695D32FF25C8724F0099C1D3 /* Taskable.entitlements */ = {isa = PBXFileReference; lastKnownFileType = text.plist.entitlements; path = Taskable.entitlements; sourceTree = "<group>"; };
		695D330225C872780099C1D3 /* CloudKit.framework */ = {isa = PBXFileReference; lastKnownFileType = wrapper.framework; name = CloudKit.framework; path = System/Library/Frameworks/CloudKit.framework; sourceTree = SDKROOT; };
		695D330A25C8800B0099C1D3 /* HomeView.swift */ = {isa = PBXFileReference; lastKnownFileType = sourcecode.swift; path = HomeView.swift; sourceTree = "<group>"; };
		695D331125C8812B0099C1D3 /* Assets.xcassets */ = {isa = PBXFileReference; lastKnownFileType = folder.assetcatalog; name = Assets.xcassets; path = Assets.xcassets/Assets.xcassets; sourceTree = "<group>"; };
		695D331B25C881E60099C1D3 /* ProjectsView.swift */ = {isa = PBXFileReference; lastKnownFileType = sourcecode.swift; path = ProjectsView.swift; sourceTree = "<group>"; };
		695D331E25C8ACB60099C1D3 /* Item-CoreDataHelpers.swift */ = {isa = PBXFileReference; lastKnownFileType = sourcecode.swift; path = "Item-CoreDataHelpers.swift"; sourceTree = "<group>"; };
		695D332125C8AEAF0099C1D3 /* Project-CoredDataHelpers.swift */ = {isa = PBXFileReference; lastKnownFileType = sourcecode.swift; path = "Project-CoredDataHelpers.swift"; sourceTree = "<group>"; };
		695D332425C9A40E0099C1D3 /* ItemEditView.swift */ = {isa = PBXFileReference; lastKnownFileType = sourcecode.swift; path = ItemEditView.swift; sourceTree = "<group>"; };
		69CE063425D1AEBB00799D32 /* Bundle-Decodable.swift */ = {isa = PBXFileReference; lastKnownFileType = sourcecode.swift; path = "Bundle-Decodable.swift"; sourceTree = "<group>"; };
		69CE063A25D4393100799D32 /* Awards.swift */ = {isa = PBXFileReference; lastKnownFileType = sourcecode.swift; path = Awards.swift; sourceTree = "<group>"; };
		69CE063D25D43A7600799D32 /* AwardsView.swift */ = {isa = PBXFileReference; lastKnownFileType = sourcecode.swift; path = AwardsView.swift; sourceTree = "<group>"; };
		69CE064025D5817E00799D32 /* Color-Addition.swift */ = {isa = PBXFileReference; lastKnownFileType = sourcecode.swift; path = "Color-Addition.swift"; sourceTree = "<group>"; };
/* End PBXFileReference section */

/* Begin PBXFrameworksBuildPhase section */
		695D32E125C85F530099C1D3 /* Frameworks */ = {
			isa = PBXFrameworksBuildPhase;
			buildActionMask = 2147483647;
			files = (
				695D330325C872780099C1D3 /* CloudKit.framework in Frameworks */,
			);
			runOnlyForDeploymentPostprocessing = 0;
		};
/* End PBXFrameworksBuildPhase section */

/* Begin PBXGroup section */
		695D32DB25C85F530099C1D3 = {
			isa = PBXGroup;
			children = (
				695D32E625C85F530099C1D3 /* Taskable */,
				695D32E525C85F530099C1D3 /* Products */,
				695D330125C872780099C1D3 /* Frameworks */,
			);
			sourceTree = "<group>";
		};
		695D32E525C85F530099C1D3 /* Products */ = {
			isa = PBXGroup;
			children = (
				695D32E425C85F530099C1D3 /* Taskable.app */,
			);
			name = Products;
			sourceTree = "<group>";
		};
		695D32E625C85F530099C1D3 /* Taskable */ = {
			isa = PBXGroup;
			children = (
				695D32FF25C8724F0099C1D3 /* Taskable.entitlements */,
				695D32E725C85F530099C1D3 /* TaskableApp.swift */,
				695D32F725C85F820099C1D3 /* Main.xcdatamodeld */,
				695D32FB25C862CF0099C1D3 /* DataController.swift */,
				695D331E25C8ACB60099C1D3 /* Item-CoreDataHelpers.swift */,
				695D332125C8AEAF0099C1D3 /* Project-CoredDataHelpers.swift */,
				695D32E925C85F530099C1D3 /* ContentView.swift */,
				695D330A25C8800B0099C1D3 /* HomeView.swift */,
				695D331B25C881E60099C1D3 /* ProjectsView.swift */,
				69CE063425D1AEBB00799D32 /* Bundle-Decodable.swift */,
				694B845625D0681C009BE75F /* ProjectsEmptyView.swift */,
				694B845325CDAC14009BE75F /* Sequence-Sorting.swift */,
				694B845025CB206E009BE75F /* NewProjectView.swift */,
				694B844D25CAEA98009BE75F /* ClosedProjectsView.swift */,
				6949489E25C9B5E50049C0B1 /* Binding-OnChange.swift */,
				694DE99E25DB2E2C0041547B /* HomeEmptyView.swift */,
				6949489B25C9AD780049C0B1 /* ItemRowView.swift */,
				695D332425C9A40E0099C1D3 /* ItemEditView.swift */,
				694B844A25CA00A8009BE75F /* ProjectEditView.swift */,
				694948A125C9C1E30049C0B1 /* ProjectHeaderView.swift */,
				69CE063D25D43A7600799D32 /* AwardsView.swift */,
				694DE9A325DB30AE0041547B /* Awards.json */,
				69CE063A25D4393100799D32 /* Awards.swift */,
				69CE064025D5817E00799D32 /* Color-Addition.swift */,
				694DE98D25DAE0F50041547B /* Localizable.strings */,
				694DE98825DADF950041547B /* Localizable.stringsdict */,
				695D331125C8812B0099C1D3 /* Assets.xcassets */,
				694948A425C9C6BA0049C0B1 /* Colors.xcassets */,
				695D32F025C85F560099C1D3 /* Info.plist */,
				695D32ED25C85F560099C1D3 /* Preview Content */,
			);
			path = Taskable;
			sourceTree = "<group>";
		};
		695D32ED25C85F560099C1D3 /* Preview Content */ = {
			isa = PBXGroup;
			children = (
				695D32EE25C85F560099C1D3 /* Preview Assets.xcassets */,
			);
			path = "Preview Content";
			sourceTree = "<group>";
		};
		695D330125C872780099C1D3 /* Frameworks */ = {
			isa = PBXGroup;
			children = (
				695D330225C872780099C1D3 /* CloudKit.framework */,
			);
			name = Frameworks;
			sourceTree = "<group>";
		};
/* End PBXGroup section */

/* Begin PBXNativeTarget section */
		695D32E325C85F530099C1D3 /* Taskable */ = {
			isa = PBXNativeTarget;
			buildConfigurationList = 695D32F325C85F560099C1D3 /* Build configuration list for PBXNativeTarget "Taskable" */;
			buildPhases = (
				695D32E025C85F530099C1D3 /* Sources */,
				695D32E125C85F530099C1D3 /* Frameworks */,
				695D32E225C85F530099C1D3 /* Resources */,
			);
			buildRules = (
			);
			dependencies = (
			);
			name = Taskable;
			productName = Taskable;
			productReference = 695D32E425C85F530099C1D3 /* Taskable.app */;
			productType = "com.apple.product-type.application";
		};
/* End PBXNativeTarget section */

/* Begin PBXProject section */
		695D32DC25C85F530099C1D3 /* Project object */ = {
			isa = PBXProject;
			attributes = {
				LastSwiftUpdateCheck = 1240;
				LastUpgradeCheck = 1240;
				TargetAttributes = {
					695D32E325C85F530099C1D3 = {
						CreatedOnToolsVersion = 12.4;
					};
				};
			};
			buildConfigurationList = 695D32DF25C85F530099C1D3 /* Build configuration list for PBXProject "Taskable" */;
			compatibilityVersion = "Xcode 9.3";
			developmentRegion = en;
			hasScannedForEncodings = 0;
			knownRegions = (
				en,
				Base,
				hu,
				"pt-PT",
			);
			mainGroup = 695D32DB25C85F530099C1D3;
			productRefGroup = 695D32E525C85F530099C1D3 /* Products */;
			projectDirPath = "";
			projectRoot = "";
			targets = (
				695D32E325C85F530099C1D3 /* Taskable */,
			);
		};
/* End PBXProject section */

/* Begin PBXResourcesBuildPhase section */
		695D32E225C85F530099C1D3 /* Resources */ = {
			isa = PBXResourcesBuildPhase;
			buildActionMask = 2147483647;
			files = (
				694948A525C9C6BA0049C0B1 /* Colors.xcassets in Resources */,
				694DE98F25DAE0F50041547B /* Localizable.strings in Resources */,
				694DE9A125DB30AE0041547B /* Awards.json in Resources */,
				695D331225C8812B0099C1D3 /* Assets.xcassets in Resources */,
				695D32EF25C85F560099C1D3 /* Preview Assets.xcassets in Resources */,
				694DE98A25DADF950041547B /* Localizable.stringsdict in Resources */,
			);
			runOnlyForDeploymentPostprocessing = 0;
		};
/* End PBXResourcesBuildPhase section */

/* Begin PBXSourcesBuildPhase section */
		695D32E025C85F530099C1D3 /* Sources */ = {
			isa = PBXSourcesBuildPhase;
			buildActionMask = 2147483647;
			files = (
				694B844E25CAEA98009BE75F /* ClosedProjectsView.swift in Sources */,
				695D331C25C881E60099C1D3 /* ProjectsView.swift in Sources */,
				694948A225C9C1E30049C0B1 /* ProjectHeaderView.swift in Sources */,
				695D32F925C85F820099C1D3 /* Main.xcdatamodeld in Sources */,
				69CE064125D5817E00799D32 /* Color-Addition.swift in Sources */,
				695D32FC25C862CF0099C1D3 /* DataController.swift in Sources */,
				69CE063525D1AEBB00799D32 /* Bundle-Decodable.swift in Sources */,
				695D32EA25C85F530099C1D3 /* ContentView.swift in Sources */,
				6949489C25C9AD780049C0B1 /* ItemRowView.swift in Sources */,
				695D330B25C8800B0099C1D3 /* HomeView.swift in Sources */,
				694B844B25CA00A8009BE75F /* ProjectEditView.swift in Sources */,
				694DE99F25DB2E2D0041547B /* HomeEmptyView.swift in Sources */,
				694B845725D0681C009BE75F /* ProjectsEmptyView.swift in Sources */,
				6949489F25C9B5E50049C0B1 /* Binding-OnChange.swift in Sources */,
				69CE063E25D43A7600799D32 /* AwardsView.swift in Sources */,
				695D32E825C85F530099C1D3 /* TaskableApp.swift in Sources */,
				694B845125CB206E009BE75F /* NewProjectView.swift in Sources */,
				695D331F25C8ACB60099C1D3 /* Item-CoreDataHelpers.swift in Sources */,
				694B845425CDAC14009BE75F /* Sequence-Sorting.swift in Sources */,
				695D332225C8AEAF0099C1D3 /* Project-CoredDataHelpers.swift in Sources */,
				695D332525C9A40E0099C1D3 /* ItemEditView.swift in Sources */,
				69CE063B25D4393100799D32 /* Awards.swift in Sources */,
			);
			runOnlyForDeploymentPostprocessing = 0;
		};
/* End PBXSourcesBuildPhase section */

/* Begin PBXVariantGroup section */
		694DE98825DADF950041547B /* Localizable.stringsdict */ = {
			isa = PBXVariantGroup;
			children = (
				694DE98925DADF950041547B /* en */,
				694DE99225DB251C0041547B /* hu */,
				694DE99925DB28FC0041547B /* pt-PT */,
			);
			name = Localizable.stringsdict;
			sourceTree = "<group>";
		};
		694DE98D25DAE0F50041547B /* Localizable.strings */ = {
			isa = PBXVariantGroup;
			children = (
				694DE98E25DAE0F50041547B /* en */,
				694DE99125DB251C0041547B /* hu */,
				694DE99825DB28FC0041547B /* pt-PT */,
			);
			name = Localizable.strings;
			sourceTree = "<group>";
		};
		694DE9A325DB30AE0041547B /* Awards.json */ = {
			isa = PBXVariantGroup;
			children = (
				694DE9A225DB30AE0041547B /* en */,
				694DE9A525DB30BC0041547B /* hu */,
				694DE9A725DC0EB40041547B /* pt-PT */,
			);
			name = Awards.json;
			sourceTree = SOURCE_ROOT;
		};
/* End PBXVariantGroup section */

/* Begin XCBuildConfiguration section */
		695D32F125C85F560099C1D3 /* Debug */ = {
			isa = XCBuildConfiguration;
			buildSettings = {
				ALWAYS_SEARCH_USER_PATHS = NO;
				CLANG_ANALYZER_NONNULL = YES;
				CLANG_ANALYZER_NUMBER_OBJECT_CONVERSION = YES_AGGRESSIVE;
				CLANG_CXX_LANGUAGE_STANDARD = "gnu++14";
				CLANG_CXX_LIBRARY = "libc++";
				CLANG_ENABLE_MODULES = YES;
				CLANG_ENABLE_OBJC_ARC = YES;
				CLANG_ENABLE_OBJC_WEAK = YES;
				CLANG_WARN_BLOCK_CAPTURE_AUTORELEASING = YES;
				CLANG_WARN_BOOL_CONVERSION = YES;
				CLANG_WARN_COMMA = YES;
				CLANG_WARN_CONSTANT_CONVERSION = YES;
				CLANG_WARN_DEPRECATED_OBJC_IMPLEMENTATIONS = YES;
				CLANG_WARN_DIRECT_OBJC_ISA_USAGE = YES_ERROR;
				CLANG_WARN_DOCUMENTATION_COMMENTS = YES;
				CLANG_WARN_EMPTY_BODY = YES;
				CLANG_WARN_ENUM_CONVERSION = YES;
				CLANG_WARN_INFINITE_RECURSION = YES;
				CLANG_WARN_INT_CONVERSION = YES;
				CLANG_WARN_NON_LITERAL_NULL_CONVERSION = YES;
				CLANG_WARN_OBJC_IMPLICIT_RETAIN_SELF = YES;
				CLANG_WARN_OBJC_LITERAL_CONVERSION = YES;
				CLANG_WARN_OBJC_ROOT_CLASS = YES_ERROR;
				CLANG_WARN_QUOTED_INCLUDE_IN_FRAMEWORK_HEADER = YES;
				CLANG_WARN_RANGE_LOOP_ANALYSIS = YES;
				CLANG_WARN_STRICT_PROTOTYPES = YES;
				CLANG_WARN_SUSPICIOUS_MOVE = YES;
				CLANG_WARN_UNGUARDED_AVAILABILITY = YES_AGGRESSIVE;
				CLANG_WARN_UNREACHABLE_CODE = YES;
				CLANG_WARN__DUPLICATE_METHOD_MATCH = YES;
				COPY_PHASE_STRIP = NO;
				DEBUG_INFORMATION_FORMAT = dwarf;
				ENABLE_STRICT_OBJC_MSGSEND = YES;
				ENABLE_TESTABILITY = YES;
				GCC_C_LANGUAGE_STANDARD = gnu11;
				GCC_DYNAMIC_NO_PIC = NO;
				GCC_NO_COMMON_BLOCKS = YES;
				GCC_OPTIMIZATION_LEVEL = 0;
				GCC_PREPROCESSOR_DEFINITIONS = (
					"DEBUG=1",
					"$(inherited)",
				);
				GCC_WARN_64_TO_32_BIT_CONVERSION = YES;
				GCC_WARN_ABOUT_RETURN_TYPE = YES_ERROR;
				GCC_WARN_UNDECLARED_SELECTOR = YES;
				GCC_WARN_UNINITIALIZED_AUTOS = YES_AGGRESSIVE;
				GCC_WARN_UNUSED_FUNCTION = YES;
				GCC_WARN_UNUSED_VARIABLE = YES;
				IPHONEOS_DEPLOYMENT_TARGET = 14.4;
				MTL_ENABLE_DEBUG_INFO = INCLUDE_SOURCE;
				MTL_FAST_MATH = YES;
				ONLY_ACTIVE_ARCH = YES;
				SDKROOT = iphoneos;
				SWIFT_ACTIVE_COMPILATION_CONDITIONS = DEBUG;
				SWIFT_OPTIMIZATION_LEVEL = "-Onone";
			};
			name = Debug;
		};
		695D32F225C85F560099C1D3 /* Release */ = {
			isa = XCBuildConfiguration;
			buildSettings = {
				ALWAYS_SEARCH_USER_PATHS = NO;
				CLANG_ANALYZER_NONNULL = YES;
				CLANG_ANALYZER_NUMBER_OBJECT_CONVERSION = YES_AGGRESSIVE;
				CLANG_CXX_LANGUAGE_STANDARD = "gnu++14";
				CLANG_CXX_LIBRARY = "libc++";
				CLANG_ENABLE_MODULES = YES;
				CLANG_ENABLE_OBJC_ARC = YES;
				CLANG_ENABLE_OBJC_WEAK = YES;
				CLANG_WARN_BLOCK_CAPTURE_AUTORELEASING = YES;
				CLANG_WARN_BOOL_CONVERSION = YES;
				CLANG_WARN_COMMA = YES;
				CLANG_WARN_CONSTANT_CONVERSION = YES;
				CLANG_WARN_DEPRECATED_OBJC_IMPLEMENTATIONS = YES;
				CLANG_WARN_DIRECT_OBJC_ISA_USAGE = YES_ERROR;
				CLANG_WARN_DOCUMENTATION_COMMENTS = YES;
				CLANG_WARN_EMPTY_BODY = YES;
				CLANG_WARN_ENUM_CONVERSION = YES;
				CLANG_WARN_INFINITE_RECURSION = YES;
				CLANG_WARN_INT_CONVERSION = YES;
				CLANG_WARN_NON_LITERAL_NULL_CONVERSION = YES;
				CLANG_WARN_OBJC_IMPLICIT_RETAIN_SELF = YES;
				CLANG_WARN_OBJC_LITERAL_CONVERSION = YES;
				CLANG_WARN_OBJC_ROOT_CLASS = YES_ERROR;
				CLANG_WARN_QUOTED_INCLUDE_IN_FRAMEWORK_HEADER = YES;
				CLANG_WARN_RANGE_LOOP_ANALYSIS = YES;
				CLANG_WARN_STRICT_PROTOTYPES = YES;
				CLANG_WARN_SUSPICIOUS_MOVE = YES;
				CLANG_WARN_UNGUARDED_AVAILABILITY = YES_AGGRESSIVE;
				CLANG_WARN_UNREACHABLE_CODE = YES;
				CLANG_WARN__DUPLICATE_METHOD_MATCH = YES;
				COPY_PHASE_STRIP = NO;
				DEBUG_INFORMATION_FORMAT = "dwarf-with-dsym";
				ENABLE_NS_ASSERTIONS = NO;
				ENABLE_STRICT_OBJC_MSGSEND = YES;
				GCC_C_LANGUAGE_STANDARD = gnu11;
				GCC_NO_COMMON_BLOCKS = YES;
				GCC_WARN_64_TO_32_BIT_CONVERSION = YES;
				GCC_WARN_ABOUT_RETURN_TYPE = YES_ERROR;
				GCC_WARN_UNDECLARED_SELECTOR = YES;
				GCC_WARN_UNINITIALIZED_AUTOS = YES_AGGRESSIVE;
				GCC_WARN_UNUSED_FUNCTION = YES;
				GCC_WARN_UNUSED_VARIABLE = YES;
				IPHONEOS_DEPLOYMENT_TARGET = 14.4;
				MTL_ENABLE_DEBUG_INFO = NO;
				MTL_FAST_MATH = YES;
				SDKROOT = iphoneos;
				SWIFT_COMPILATION_MODE = wholemodule;
				SWIFT_OPTIMIZATION_LEVEL = "-O";
				VALIDATE_PRODUCT = YES;
			};
			name = Release;
		};
		695D32F425C85F560099C1D3 /* Debug */ = {
			isa = XCBuildConfiguration;
			buildSettings = {
				ASSETCATALOG_COMPILER_APPICON_NAME = AppIcon;
				ASSETCATALOG_COMPILER_GLOBAL_ACCENT_COLOR_NAME = AccentColor;
				CODE_SIGN_ENTITLEMENTS = Taskable/Taskable.entitlements;
				CODE_SIGN_STYLE = Automatic;
				DEVELOPMENT_ASSET_PATHS = "\"Taskable/Preview Content\"";
				DEVELOPMENT_TEAM = 9FVDFCLP22;
				ENABLE_PREVIEWS = YES;
				INFOPLIST_FILE = Taskable/Info.plist;
				IPHONEOS_DEPLOYMENT_TARGET = 14.0;
				LD_RUNPATH_SEARCH_PATHS = (
					"$(inherited)",
					"@executable_path/Frameworks",
				);
				PRODUCT_BUNDLE_IDENTIFIER = com.RuiSilva.Taskable;
				PRODUCT_NAME = "$(TARGET_NAME)";
				SWIFT_VERSION = 5.0;
				TARGETED_DEVICE_FAMILY = "1,2";
			};
			name = Debug;
		};
		695D32F525C85F560099C1D3 /* Release */ = {
			isa = XCBuildConfiguration;
			buildSettings = {
				ASSETCATALOG_COMPILER_APPICON_NAME = AppIcon;
				ASSETCATALOG_COMPILER_GLOBAL_ACCENT_COLOR_NAME = AccentColor;
				CODE_SIGN_ENTITLEMENTS = Taskable/Taskable.entitlements;
				CODE_SIGN_STYLE = Automatic;
				DEVELOPMENT_ASSET_PATHS = "\"Taskable/Preview Content\"";
				DEVELOPMENT_TEAM = 9FVDFCLP22;
				ENABLE_PREVIEWS = YES;
				INFOPLIST_FILE = Taskable/Info.plist;
				IPHONEOS_DEPLOYMENT_TARGET = 14.0;
				LD_RUNPATH_SEARCH_PATHS = (
					"$(inherited)",
					"@executable_path/Frameworks",
				);
				PRODUCT_BUNDLE_IDENTIFIER = com.RuiSilva.Taskable;
				PRODUCT_NAME = "$(TARGET_NAME)";
				SWIFT_VERSION = 5.0;
				TARGETED_DEVICE_FAMILY = "1,2";
			};
			name = Release;
		};
/* End XCBuildConfiguration section */

/* Begin XCConfigurationList section */
		695D32DF25C85F530099C1D3 /* Build configuration list for PBXProject "Taskable" */ = {
			isa = XCConfigurationList;
			buildConfigurations = (
				695D32F125C85F560099C1D3 /* Debug */,
				695D32F225C85F560099C1D3 /* Release */,
			);
			defaultConfigurationIsVisible = 0;
			defaultConfigurationName = Release;
		};
		695D32F325C85F560099C1D3 /* Build configuration list for PBXNativeTarget "Taskable" */ = {
			isa = XCConfigurationList;
			buildConfigurations = (
				695D32F425C85F560099C1D3 /* Debug */,
				695D32F525C85F560099C1D3 /* Release */,
			);
			defaultConfigurationIsVisible = 0;
			defaultConfigurationName = Release;
		};
/* End XCConfigurationList section */

/* Begin XCVersionGroup section */
		695D32F725C85F820099C1D3 /* Main.xcdatamodeld */ = {
			isa = XCVersionGroup;
			children = (
				695D32F825C85F820099C1D3 /* Main.xcdatamodel */,
			);
			currentVersion = 695D32F825C85F820099C1D3 /* Main.xcdatamodel */;
			path = Main.xcdatamodeld;
			sourceTree = "<group>";
			versionGroupType = wrapper.xcdatamodel;
		};
/* End XCVersionGroup section */
	};
	rootObject = 695D32DC25C85F530099C1D3 /* Project object */;
}
